
Microsoft Visual Studio Solution File, Format Version 12.00
# Visual Studio Version 16
VisualStudioVersion = 16.0.31205.134
MinimumVisualStudioVersion = 10.0.40219.1
Project("{FAE04EC0-301F-11D3-BF4B-00C04F79EFBC}") = "String_formats_DateTime", "String_formats_DateTime.csproj", "{C6CD101C-09C1-449F-9658-6AC165C710FF}"
EndProject
Global
	GlobalSection(SolutionConfigurationPlatforms) = preSolution
		Debug|Any CPU = Debug|Any CPU
		Release|Any CPU = Release|Any CPU
	EndGlobalSection
	GlobalSection(ProjectConfigurationPlatforms) = postSolution
		{C6CD101C-09C1-449F-9658-6AC165C710FF}.Debug|Any CPU.ActiveCfg = Debug|Any CPU
		{C6CD101C-09C1-449F-9658-6AC165C710FF}.Debug|Any CPU.Build.0 = Debug|Any CPU
		{C6CD101C-09C1-449F-9658-6AC165C710FF}.Release|Any CPU.ActiveCfg = Release|Any CPU
		{C6CD101C-09C1-449F-9658-6AC165C710FF}.Release|Any CPU.Build.0 = Release|Any CPU
	EndGlobalSection
	GlobalSection(SolutionProperties) = preSolution
		HideSolutionNode = FALSE
	EndGlobalSection
	GlobalSection(ExtensibilityGlobals) = postSolution
		SolutionGuid = {D7606038-0122-4C22-A3F4-4991C72C2A96}
	EndGlobalSection
EndGlobal
