
Microsoft Visual Studio Solution File, Format Version 12.00
# Visual Studio Version 16
VisualStudioVersion = 16.0.31205.134
MinimumVisualStudioVersion = 10.0.40219.1
Project("{FAE04EC0-301F-11D3-BF4B-00C04F79EFBC}") = "String_Formats_index", "String_Formats_index.csproj", "{C3B188D3-5CE1-48F8-81E6-1AAA4BA721B2}"
EndProject
Global
	GlobalSection(SolutionConfigurationPlatforms) = preSolution
		Debug|Any CPU = Debug|Any CPU
		Release|Any CPU = Release|Any CPU
	EndGlobalSection
	GlobalSection(ProjectConfigurationPlatforms) = postSolution
		{C3B188D3-5CE1-48F8-81E6-1AAA4BA721B2}.Debug|Any CPU.ActiveCfg = Debug|Any CPU
		{C3B188D3-5CE1-48F8-81E6-1AAA4BA721B2}.Debug|Any CPU.Build.0 = Debug|Any CPU
		{C3B188D3-5CE1-48F8-81E6-1AAA4BA721B2}.Release|Any CPU.ActiveCfg = Release|Any CPU
		{C3B188D3-5CE1-48F8-81E6-1AAA4BA721B2}.Release|Any CPU.Build.0 = Release|Any CPU
	EndGlobalSection
	GlobalSection(SolutionProperties) = preSolution
		HideSolutionNode = FALSE
	EndGlobalSection
	GlobalSection(ExtensibilityGlobals) = postSolution
		SolutionGuid = {301FD20A-01BB-45C9-A717-6FAE8402AC74}
	EndGlobalSection
EndGlobal
