
Microsoft Visual Studio Solution File, Format Version 12.00
# Visual Studio Version 16
VisualStudioVersion = 16.0.31205.134
MinimumVisualStudioVersion = 10.0.40219.1
Project("{FAE04EC0-301F-11D3-BF4B-00C04F79EFBC}") = "String_format_Numeric", "String_format_Numeric.csproj", "{6B54829F-15FF-456F-8296-477A4603EC6E}"
EndProject
Global
	GlobalSection(SolutionConfigurationPlatforms) = preSolution
		Debug|Any CPU = Debug|Any CPU
		Release|Any CPU = Release|Any CPU
	EndGlobalSection
	GlobalSection(ProjectConfigurationPlatforms) = postSolution
		{6B54829F-15FF-456F-8296-477A4603EC6E}.Debug|Any CPU.ActiveCfg = Debug|Any CPU
		{6B54829F-15FF-456F-8296-477A4603EC6E}.Debug|Any CPU.Build.0 = Debug|Any CPU
		{6B54829F-15FF-456F-8296-477A4603EC6E}.Release|Any CPU.ActiveCfg = Release|Any CPU
		{6B54829F-15FF-456F-8296-477A4603EC6E}.Release|Any CPU.Build.0 = Release|Any CPU
	EndGlobalSection
	GlobalSection(SolutionProperties) = preSolution
		HideSolutionNode = FALSE
	EndGlobalSection
	GlobalSection(ExtensibilityGlobals) = postSolution
		SolutionGuid = {D25DB68B-3115-4F9A-859A-AABF298A873F}
	EndGlobalSection
EndGlobal
